
Microsoft Visual Studio Solution File, Format Version 12.00
# Visual Studio Version 17
VisualStudioVersion = 17.10.35013.160
MinimumVisualStudioVersion = 10.0.40219.1
Project("{9A19103F-16F7-4668-BE54-9A1E7A4F7556}") = "Repositories", "Repositories\Repositories.csproj", "{629DCC6C-DA61-427B-ACC1-6396AA9E7EC9}"
EndProject
Project("{9A19103F-16F7-4668-BE54-9A1E7A4F7556}") = "Services", "Services\Services.csproj", "{CE2DCE95-006A-457F-9846-DFBCC19111A4}"
EndProject
Project("{9A19103F-16F7-4668-BE54-9A1E7A4F7556}") = "App.API", "App.API\App.API.csproj", "{47827337-A649-4503-BFDD-9D18B2224E1E}"
EndProject
Project("{2150E333-8FDC-42A3-9474-1A3956D46DE8}") = "NLayer", "NLayer", "{F1C26EC1-5B2C-4950-8FF1-2A2C8DCB6731}"
EndProject
Project("{2150E333-8FDC-42A3-9474-1A3956D46DE8}") = "CleanArchitecture", "CleanArchitecture", "{3B64A39E-11EA-420E-8B8D-FF93C953DFFB}"
EndProject
Project("{2150E333-8FDC-42A3-9474-1A3956D46DE8}") = "Src", "Src", "{397816AA-9AB8-4CE3-B0A3-C33092EC7114}"
EndProject
Project("{2150E333-8FDC-42A3-9474-1A3956D46DE8}") = "Test", "Test", "{02E1DCAE-595B-4C18-8F13-A6F46762B5C3}"
EndProject
Project("{2150E333-8FDC-42A3-9474-1A3956D46DE8}") = "Core", "Core", "{6EC2969A-BCC2-430A-89F9-B61456F9074F}"
EndProject
Project("{FAE04EC0-301F-11D3-BF4B-00C04F79EFBC}") = "App.Domain", "App.Domain\App.Domain.csproj", "{3211CDCB-80F7-4FFE-BFB1-180FC1C6538D}"
EndProject
Project("{FAE04EC0-301F-11D3-BF4B-00C04F79EFBC}") = "App.Application", "App.Application\App.Application.csproj", "{56C2CD70-85DF-4199-AAFA-3C789D4584A0}"
EndProject
Project("{2150E333-8FDC-42A3-9474-1A3956D46DE8}") = "Infrastructure", "Infrastructure", "{39D7530B-8A73-4DA6-804B-C445185D301F}"
EndProject
Project("{FAE04EC0-301F-11D3-BF4B-00C04F79EFBC}") = "App.Persistence", "App.Persistence\App.Persistence.csproj", "{B40C003D-2892-42E2-9E22-DF4FE20206E7}"
EndProject
Project("{2150E333-8FDC-42A3-9474-1A3956D46DE8}") = "API", "API", "{F8A12BDF-6507-413B-87C8-DB63C129950E}"
EndProject
Project("{FAE04EC0-301F-11D3-BF4B-00C04F79EFBC}") = "CleanApp.API", "CleanApp.API\CleanApp.API.csproj", "{5D5638BF-0C9C-4177-A6EF-4D95774483F3}"
EndProject
Global
	GlobalSection(SolutionConfigurationPlatforms) = preSolution
		Debug|Any CPU = Debug|Any CPU
		Release|Any CPU = Release|Any CPU
	EndGlobalSection
	GlobalSection(ProjectConfigurationPlatforms) = postSolution
		{629DCC6C-DA61-427B-ACC1-6396AA9E7EC9}.Debug|Any CPU.ActiveCfg = Debug|Any CPU
		{629DCC6C-DA61-427B-ACC1-6396AA9E7EC9}.Debug|Any CPU.Build.0 = Debug|Any CPU
		{629DCC6C-DA61-427B-ACC1-6396AA9E7EC9}.Release|Any CPU.ActiveCfg = Release|Any CPU
		{629DCC6C-DA61-427B-ACC1-6396AA9E7EC9}.Release|Any CPU.Build.0 = Release|Any CPU
		{CE2DCE95-006A-457F-9846-DFBCC19111A4}.Debug|Any CPU.ActiveCfg = Debug|Any CPU
		{CE2DCE95-006A-457F-9846-DFBCC19111A4}.Debug|Any CPU.Build.0 = Debug|Any CPU
		{CE2DCE95-006A-457F-9846-DFBCC19111A4}.Release|Any CPU.ActiveCfg = Release|Any CPU
		{CE2DCE95-006A-457F-9846-DFBCC19111A4}.Release|Any CPU.Build.0 = Release|Any CPU
		{47827337-A649-4503-BFDD-9D18B2224E1E}.Debug|Any CPU.ActiveCfg = Debug|Any CPU
		{47827337-A649-4503-BFDD-9D18B2224E1E}.Debug|Any CPU.Build.0 = Debug|Any CPU
		{47827337-A649-4503-BFDD-9D18B2224E1E}.Release|Any CPU.ActiveCfg = Release|Any CPU
		{47827337-A649-4503-BFDD-9D18B2224E1E}.Release|Any CPU.Build.0 = Release|Any CPU
		{3211CDCB-80F7-4FFE-BFB1-180FC1C6538D}.Debug|Any CPU.ActiveCfg = Debug|Any CPU
		{3211CDCB-80F7-4FFE-BFB1-180FC1C6538D}.Debug|Any CPU.Build.0 = Debug|Any CPU
		{3211CDCB-80F7-4FFE-BFB1-180FC1C6538D}.Release|Any CPU.ActiveCfg = Release|Any CPU
		{3211CDCB-80F7-4FFE-BFB1-180FC1C6538D}.Release|Any CPU.Build.0 = Release|Any CPU
		{56C2CD70-85DF-4199-AAFA-3C789D4584A0}.Debug|Any CPU.ActiveCfg = Debug|Any CPU
		{56C2CD70-85DF-4199-AAFA-3C789D4584A0}.Debug|Any CPU.Build.0 = Debug|Any CPU
		{56C2CD70-85DF-4199-AAFA-3C789D4584A0}.Release|Any CPU.ActiveCfg = Release|Any CPU
		{56C2CD70-85DF-4199-AAFA-3C789D4584A0}.Release|Any CPU.Build.0 = Release|Any CPU
		{B40C003D-2892-42E2-9E22-DF4FE20206E7}.Debug|Any CPU.ActiveCfg = Debug|Any CPU
		{B40C003D-2892-42E2-9E22-DF4FE20206E7}.Debug|Any CPU.Build.0 = Debug|Any CPU
		{B40C003D-2892-42E2-9E22-DF4FE20206E7}.Release|Any CPU.ActiveCfg = Release|Any CPU
		{B40C003D-2892-42E2-9E22-DF4FE20206E7}.Release|Any CPU.Build.0 = Release|Any CPU
		{5D5638BF-0C9C-4177-A6EF-4D95774483F3}.Debug|Any CPU.ActiveCfg = Debug|Any CPU
		{5D5638BF-0C9C-4177-A6EF-4D95774483F3}.Debug|Any CPU.Build.0 = Debug|Any CPU
		{5D5638BF-0C9C-4177-A6EF-4D95774483F3}.Release|Any CPU.ActiveCfg = Release|Any CPU
		{5D5638BF-0C9C-4177-A6EF-4D95774483F3}.Release|Any CPU.Build.0 = Release|Any CPU
	EndGlobalSection
	GlobalSection(SolutionProperties) = preSolution
		HideSolutionNode = FALSE
	EndGlobalSection
	GlobalSection(NestedProjects) = preSolution
		{629DCC6C-DA61-427B-ACC1-6396AA9E7EC9} = {F1C26EC1-5B2C-4950-8FF1-2A2C8DCB6731}
		{CE2DCE95-006A-457F-9846-DFBCC19111A4} = {F1C26EC1-5B2C-4950-8FF1-2A2C8DCB6731}
		{47827337-A649-4503-BFDD-9D18B2224E1E} = {F1C26EC1-5B2C-4950-8FF1-2A2C8DCB6731}
		{397816AA-9AB8-4CE3-B0A3-C33092EC7114} = {3B64A39E-11EA-420E-8B8D-FF93C953DFFB}
		{02E1DCAE-595B-4C18-8F13-A6F46762B5C3} = {3B64A39E-11EA-420E-8B8D-FF93C953DFFB}
		{6EC2969A-BCC2-430A-89F9-B61456F9074F} = {397816AA-9AB8-4CE3-B0A3-C33092EC7114}
		{3211CDCB-80F7-4FFE-BFB1-180FC1C6538D} = {6EC2969A-BCC2-430A-89F9-B61456F9074F}
		{56C2CD70-85DF-4199-AAFA-3C789D4584A0} = {6EC2969A-BCC2-430A-89F9-B61456F9074F}
		{39D7530B-8A73-4DA6-804B-C445185D301F} = {397816AA-9AB8-4CE3-B0A3-C33092EC7114}
		{B40C003D-2892-42E2-9E22-DF4FE20206E7} = {39D7530B-8A73-4DA6-804B-C445185D301F}
		{F8A12BDF-6507-413B-87C8-DB63C129950E} = {397816AA-9AB8-4CE3-B0A3-C33092EC7114}
		{5D5638BF-0C9C-4177-A6EF-4D95774483F3} = {F8A12BDF-6507-413B-87C8-DB63C129950E}
	EndGlobalSection
	GlobalSection(ExtensibilityGlobals) = postSolution
		SolutionGuid = {7F5F0F38-71F7-4149-A057-3F22CAA5DDE0}
	EndGlobalSection
EndGlobal
