
Microsoft Visual Studio Solution File, Format Version 12.00
# Visual Studio Version 17
VisualStudioVersion = 17.10.35013.160
MinimumVisualStudioVersion = 10.0.40219.1
Project("{FAE04EC0-301F-11D3-BF4B-00C04F79EFBC}") = "Repositories", "Repositories\Repositories.csproj", "{629DCC6C-DA61-427B-ACC1-6396AA9E7EC9}"
EndProject
Project("{FAE04EC0-301F-11D3-BF4B-00C04F79EFBC}") = "Services", "Services\Services.csproj", "{CE2DCE95-006A-457F-9846-DFBCC19111A4}"
EndProject
Project("{FAE04EC0-301F-11D3-BF4B-00C04F79EFBC}") = "App.API", "App.API\App.API.csproj", "{47827337-A649-4503-BFDD-9D18B2224E1E}"
EndProject
Global
	GlobalSection(SolutionConfigurationPlatforms) = preSolution
		Debug|Any CPU = Debug|Any CPU
		Release|Any CPU = Release|Any CPU
	EndGlobalSection
	GlobalSection(ProjectConfigurationPlatforms) = postSolution
		{629DCC6C-DA61-427B-ACC1-6396AA9E7EC9}.Debug|Any CPU.ActiveCfg = Debug|Any CPU
		{629DCC6C-DA61-427B-ACC1-6396AA9E7EC9}.Debug|Any CPU.Build.0 = Debug|Any CPU
		{629DCC6C-DA61-427B-ACC1-6396AA9E7EC9}.Release|Any CPU.ActiveCfg = Release|Any CPU
		{629DCC6C-DA61-427B-ACC1-6396AA9E7EC9}.Release|Any CPU.Build.0 = Release|Any CPU
		{CE2DCE95-006A-457F-9846-DFBCC19111A4}.Debug|Any CPU.ActiveCfg = Debug|Any CPU
		{CE2DCE95-006A-457F-9846-DFBCC19111A4}.Debug|Any CPU.Build.0 = Debug|Any CPU
		{CE2DCE95-006A-457F-9846-DFBCC19111A4}.Release|Any CPU.ActiveCfg = Release|Any CPU
		{CE2DCE95-006A-457F-9846-DFBCC19111A4}.Release|Any CPU.Build.0 = Release|Any CPU
		{47827337-A649-4503-BFDD-9D18B2224E1E}.Debug|Any CPU.ActiveCfg = Debug|Any CPU
		{47827337-A649-4503-BFDD-9D18B2224E1E}.Debug|Any CPU.Build.0 = Debug|Any CPU
		{47827337-A649-4503-BFDD-9D18B2224E1E}.Release|Any CPU.ActiveCfg = Release|Any CPU
		{47827337-A649-4503-BFDD-9D18B2224E1E}.Release|Any CPU.Build.0 = Release|Any CPU
	EndGlobalSection
	GlobalSection(SolutionProperties) = preSolution
		HideSolutionNode = FALSE
	EndGlobalSection
	GlobalSection(ExtensibilityGlobals) = postSolution
		SolutionGuid = {7F5F0F38-71F7-4149-A057-3F22CAA5DDE0}
	EndGlobalSection
EndGlobal
